
Microsoft Visual Studio Solution File, Format Version 12.00
# Visual Studio 15
VisualStudioVersion = 15.0.28307.1800
MinimumVisualStudioVersion = 10.0.40219.1
Project("{FAE04EC0-301F-11D3-BF4B-00C04F79EFBC}") = "FacebookClone", "FacebookClone\FacebookClone.csproj", "{886D7E92-086B-408B-A225-6842E64B16AD}"
EndProject
Global
	GlobalSection(SolutionConfigurationPlatforms) = preSolution
		Debug|Any CPU = Debug|Any CPU
		Release|Any CPU = Release|Any CPU
	EndGlobalSection
	GlobalSection(ProjectConfigurationPlatforms) = postSolution
		{886D7E92-086B-408B-A225-6842E64B16AD}.Debug|Any CPU.ActiveCfg = Debug|Any CPU
		{886D7E92-086B-408B-A225-6842E64B16AD}.Debug|Any CPU.Build.0 = Debug|Any CPU
		{886D7E92-086B-408B-A225-6842E64B16AD}.Release|Any CPU.ActiveCfg = Release|Any CPU
		{886D7E92-086B-408B-A225-6842E64B16AD}.Release|Any CPU.Build.0 = Release|Any CPU
	EndGlobalSection
	GlobalSection(SolutionProperties) = preSolution
		HideSolutionNode = FALSE
	EndGlobalSection
	GlobalSection(ExtensibilityGlobals) = postSolution
		SolutionGuid = {3DB51951-8A81-41EF-A9FF-EF13C6A6029D}
	EndGlobalSection
EndGlobal
